%{
  "castore": {:hex, :castore, "0.1.22", "4127549e411bedd012ca3a308dede574f43819fe9394254ca55ab4895abfa1a2", [:mix], [], "hexpm", "c17576df47eb5aa1ee40cc4134316a99f5cad3e215d5c77b8dd3cfef12a22cac"},
  "rustler_precompiled": {:hex, :rustler_precompiled, "0.5.5", "a075a92c8e748ce5c4f7b2cf573a072d206a6d8d99c53f627e81d3f2b10616a3", [:mix], [{:castore, "~> 0.1", [hex: :castore, repo: "hexpm", optional: false]}, {:rustler, "~> 0.23", [hex: :rustler, repo: "hexpm", optional: true]}], "hexpm", "e8a7f1abfec8d68683bb25d14efc88496f091ef113f7f4c45d39f3606f7223f6"},
  "wasmex": {:hex, :wasmex, "0.8.2", "5e781944b32105b1f606b04e99a1acb39d65ba8660ad5bc4ba233340842f8de5", [:mix], [{:rustler, "~> 0.26.0", [hex: :rustler, repo: "hexpm", optional: true]}, {:rustler_precompiled, "~> 0.5.5", [hex: :rustler_precompiled, repo: "hexpm", optional: false]}], "hexpm", "44a5c3452565d08453433f8d66fa19c46bc2f87ac9125fd24eb535677cf58313"},
}
