%{
  "castore": {:hex, :castore, "0.1.22", "4127549e411bedd012ca3a308dede574f43819fe9394254ca55ab4895abfa1a2", [:mix], [], "hexpm", "c17576df47eb5aa1ee40cc4134316a99f5cad3e215d5c77b8dd3cfef12a22cac"},
  "file_system": {:hex, :file_system, "0.2.10", "fb082005a9cd1711c05b5248710f8826b02d7d1784e7c3451f9c1231d4fc162d", [:mix], [], "hexpm", "41195edbfb562a593726eda3b3e8b103a309b733ad25f3d642ba49696bf715dc"},
  "jason": {:hex, :jason, "1.4.0", "e855647bc964a44e2f67df589ccf49105ae039d4179db7f6271dfd3843dc27e6", [:mix], [{:decimal, "~> 1.0 or ~> 2.0", [hex: :decimal, repo: "hexpm", optional: true]}], "hexpm", "79a3791085b2a0f743ca04cec0f7be26443738779d09302e01318f97bdb82121"},
  "rustler_precompiled": {:hex, :rustler_precompiled, "0.5.5", "a075a92c8e748ce5c4f7b2cf573a072d206a6d8d99c53f627e81d3f2b10616a3", [:mix], [{:castore, "~> 0.1", [hex: :castore, repo: "hexpm", optional: false]}, {:rustler, "~> 0.23", [hex: :rustler, repo: "hexpm", optional: true]}], "hexpm", "e8a7f1abfec8d68683bb25d14efc88496f091ef113f7f4c45d39f3606f7223f6"},
  "wasmex": {:hex, :wasmex, "0.8.2", "5e781944b32105b1f606b04e99a1acb39d65ba8660ad5bc4ba233340842f8de5", [:mix], [{:rustler, "~> 0.26.0", [hex: :rustler, repo: "hexpm", optional: true]}, {:rustler_precompiled, "~> 0.5.5", [hex: :rustler_precompiled, repo: "hexpm", optional: false]}], "hexpm", "44a5c3452565d08453433f8d66fa19c46bc2f87ac9125fd24eb535677cf58313"},
}
